PODS:
  - Alamofire (5.4.3)
  - JGProgressHUD (2.2)
  - SDWebImage (5.11.1):
    - SDWebImage/Core (= 5.11.1)
  - SDWebImage/Core (5.11.1)

DEPENDENCIES:
  - Alamofire
  - JGProgressHUD
  - SDWebImage

SPEC REPOS:
  trunk:
    - Alamofire
    - JGProgressHUD
    - SDWebImage

SPEC CHECKSUMS:
  Alamofire: e447a2774a40c996748296fa2c55112fdbbc42f9
  JGProgressHUD: d83d7a981b85d11205e19ff8ad5bb9c40571c847
  SDWebImage: a7f831e1a65eb5e285e3fb046a23fcfbf08e696d

PODFILE CHECKSUM: f021bf612b5fa5994507e713301eb29f21c3fc90

COCOAPODS: 1.10.1
